// !$*UTF8*$!
{
	archiveVersion = 1;
	classes = {
	};
	objectVersion = 50;
	objects = {

/* Begin PBXBuildFile section */
		DF8B333A269AE2B700E1A865 /* AppDelegate.swift in Sources */ = {isa = PBXBuildFile; fileRef = DF8B3339269AE2B700E1A865 /* AppDelegate.swift */; };
		DF8B333C269AE2B700E1A865 /* SceneDelegate.swift in Sources */ = {isa = PBXBuildFile; fileRef = DF8B333B269AE2B700E1A865 /* SceneDelegate.swift */; };
		DF8B333E269AE2B700E1A865 /* ViewController.swift in Sources */ = {isa = PBXBuildFile; fileRef = DF8B333D269AE2B700E1A865 /* ViewController.swift */; };
		DF8B3341269AE2B700E1A865 /* Main.storyboard in Resources */ = {isa = PBXBuildFile; fileRef = DF8B333F269AE2B700E1A865 /* Main.storyboard */; };
		DF8B3344269AE2B700E1A865 /* GoogleClassroomClone.xcdatamodeld in Sources */ = {isa = PBXBuildFile; fileRef = DF8B3342269AE2B700E1A865 /* GoogleClassroomClone.xcdatamodeld */; };
		DF8B3346269AE2B900E1A865 /* Assets.xcassets in Resources */ = {isa = PBXBuildFile; fileRef = DF8B3345269AE2B900E1A865 /* Assets.xcassets */; };
		DF8B3349269AE2B900E1A865 /* LaunchScreen.storyboard in Resources */ = {isa = PBXBuildFile; fileRef = DF8B3347269AE2B900E1A865 /* LaunchScreen.storyboard */; };
		DF8B3355269AEC3000E1A865 /* HomeViewController.swift in Sources */ = {isa = PBXBuildFile; fileRef = DF8B3354269AEC3000E1A865 /* HomeViewController.swift */; };
		DF8B3357269AF44500E1A865 /* SideBarMenuViewController.swift in Sources */ = {isa = PBXBuildFile; fileRef = DF8B3356269AF44500E1A865 /* SideBarMenuViewController.swift */; };
/* End PBXBuildFile section */

/* Begin PBXFileReference section */
		DF8B3336269AE2B700E1A865 /* GoogleClassroomClone.app */ = {isa = PBXFileReference; explicitFileType = wrapper.application; includeInIndex = 0; path = GoogleClassroomClone.app; sourceTree = BUILT_PRODUCTS_DIR; };
		DF8B3339269AE2B700E1A865 /* AppDelegate.swift */ = {isa = PBXFileReference; lastKnownFileType = sourcecode.swift; path = AppDelegate.swift; sourceTree = "<group>"; };
		DF8B333B269AE2B700E1A865 /* SceneDelegate.swift */ = {isa = PBXFileReference; lastKnownFileType = sourcecode.swift; path = SceneDelegate.swift; sourceTree = "<group>"; };
		DF8B333D269AE2B700E1A865 /* ViewController.swift */ = {isa = PBXFileReference; lastKnownFileType = sourcecode.swift; path = ViewController.swift; sourceTree = "<group>"; };
		DF8B3340269AE2B700E1A865 /* Base */ = {isa = PBXFileReference; lastKnownFileType = file.storyboard; name = Base; path = Base.lproj/Main.storyboard; sourceTree = "<group>"; };
		DF8B3343269AE2B700E1A865 /* GoogleClassroomClone.xcdatamodel */ = {isa = PBXFileReference; lastKnownFileType = wrapper.xcdatamodel; path = GoogleClassroomClone.xcdatamodel; sourceTree = "<group>"; };
		DF8B3345269AE2B900E1A865 /* Assets.xcassets */ = {isa = PBXFileReference; lastKnownFileType = folder.assetcatalog; path = Assets.xcassets; sourceTree = "<group>"; };
		DF8B3348269AE2B900E1A865 /* Base */ = {isa = PBXFileReference; lastKnownFileType = file.storyboard; name = Base; path = Base.lproj/LaunchScreen.storyboard; sourceTree = "<group>"; };
		DF8B334A269AE2B900E1A865 /* Info.plist */ = {isa = PBXFileReference; lastKnownFileType = text.plist.xml; path = Info.plist; sourceTree = "<group>"; };
		DF8B3354269AEC3000E1A865 /* HomeViewController.swift */ = {isa = PBXFileReference; lastKnownFileType = sourcecode.swift; path = HomeViewController.swift; sourceTree = "<group>"; };
		DF8B3356269AF44500E1A865 /* SideBarMenuViewController.swift */ = {isa = PBXFileReference; lastKnownFileType = sourcecode.swift; path = SideBarMenuViewController.swift; sourceTree = "<group>"; };
/* End PBXFileReference section */

/* Begin PBXFrameworksBuildPhase section */
		DF8B3333269AE2B600E1A865 /* Frameworks */ = {
			isa = PBXFrameworksBuildPhase;
			buildActionMask = 2147483647;
			files = (
			);
			runOnlyForDeploymentPostprocessing = 0;
		};
/* End PBXFrameworksBuildPhase section */

/* Begin PBXGroup section */
		DF8B332D269AE2B600E1A865 = {
			isa = PBXGroup;
			children = (
				DF8B3338269AE2B700E1A865 /* GoogleClassroomClone */,
				DF8B3337269AE2B700E1A865 /* Products */,
			);
			sourceTree = "<group>";
		};
		DF8B3337269AE2B700E1A865 /* Products */ = {
			isa = PBXGroup;
			children = (
				DF8B3336269AE2B700E1A865 /* GoogleClassroomClone.app */,
			);
			name = Products;
			sourceTree = "<group>";
		};
		DF8B3338269AE2B700E1A865 /* GoogleClassroomClone */ = {
			isa = PBXGroup;
			children = (
				DF8B3353269AE31E00E1A865 /* Managers */,
				DF8B3352269AE2D800E1A865 /* Controllers */,
				DF8B3351269AE2D100E1A865 /* Views */,
				DF8B3350269AE2C700E1A865 /* Models */,
				DF8B3345269AE2B900E1A865 /* Assets.xcassets */,
				DF8B334A269AE2B900E1A865 /* Info.plist */,
				DF8B3342269AE2B700E1A865 /* GoogleClassroomClone.xcdatamodeld */,
			);
			path = GoogleClassroomClone;
			sourceTree = "<group>";
		};
		DF8B3350269AE2C700E1A865 /* Models */ = {
			isa = PBXGroup;
			children = (
			);
			path = Models;
			sourceTree = "<group>";
		};
		DF8B3351269AE2D100E1A865 /* Views */ = {
			isa = PBXGroup;
			children = (
				DF8B3347269AE2B900E1A865 /* LaunchScreen.storyboard */,
				DF8B333F269AE2B700E1A865 /* Main.storyboard */,
			);
			path = Views;
			sourceTree = "<group>";
		};
		DF8B3352269AE2D800E1A865 /* Controllers */ = {
			isa = PBXGroup;
			children = (
				DF8B333D269AE2B700E1A865 /* ViewController.swift */,
				DF8B3354269AEC3000E1A865 /* HomeViewController.swift */,
				DF8B3356269AF44500E1A865 /* SideBarMenuViewController.swift */,
			);
			path = Controllers;
			sourceTree = "<group>";
		};
		DF8B3353269AE31E00E1A865 /* Managers */ = {
			isa = PBXGroup;
			children = (
				DF8B3339269AE2B700E1A865 /* AppDelegate.swift */,
				DF8B333B269AE2B700E1A865 /* SceneDelegate.swift */,
			);
			path = Managers;
			sourceTree = "<group>";
		};
/* End PBXGroup section */

/* Begin PBXNativeTarget section */
		DF8B3335269AE2B600E1A865 /* GoogleClassroomClone */ = {
			isa = PBXNativeTarget;
			buildConfigurationList = DF8B334D269AE2B900E1A865 /* Build configuration list for PBXNativeTarget "GoogleClassroomClone" */;
			buildPhases = (
				DF8B3332269AE2B600E1A865 /* Sources */,
				DF8B3333269AE2B600E1A865 /* Frameworks */,
				DF8B3334269AE2B600E1A865 /* Resources */,
			);
			buildRules = (
			);
			dependencies = (
			);
			name = GoogleClassroomClone;
			productName = GoogleClassroomClone;
			productReference = DF8B3336269AE2B700E1A865 /* GoogleClassroomClone.app */;
			productType = "com.apple.product-type.application";
		};
/* End PBXNativeTarget section */

/* Begin PBXProject section */
		DF8B332E269AE2B600E1A865 /* Project object */ = {
			isa = PBXProject;
			attributes = {
				LastSwiftUpdateCheck = 1250;
				LastUpgradeCheck = 1250;
				TargetAttributes = {
					DF8B3335269AE2B600E1A865 = {
						CreatedOnToolsVersion = 12.5.1;
					};
				};
			};
			buildConfigurationList = DF8B3331269AE2B600E1A865 /* Build configuration list for PBXProject "GoogleClassroomClone" */;
			compatibilityVersion = "Xcode 9.3";
			developmentRegion = en;
			hasScannedForEncodings = 0;
			knownRegions = (
				en,
				Base,
			);
			mainGroup = DF8B332D269AE2B600E1A865;
			productRefGroup = DF8B3337269AE2B700E1A865 /* Products */;
			projectDirPath = "";
			projectRoot = "";
			targets = (
				DF8B3335269AE2B600E1A865 /* GoogleClassroomClone */,
			);
		};
/* End PBXProject section */

/* Begin PBXResourcesBuildPhase section */
		DF8B3334269AE2B600E1A865 /* Resources */ = {
			isa = PBXResourcesBuildPhase;
			buildActionMask = 2147483647;
			files = (
				DF8B3349269AE2B900E1A865 /* LaunchScreen.storyboard in Resources */,
				DF8B3346269AE2B900E1A865 /* Assets.xcassets in Resources */,
				DF8B3341269AE2B700E1A865 /* Main.storyboard in Resources */,
			);
			runOnlyForDeploymentPostprocessing = 0;
		};
/* End PBXResourcesBuildPhase section */

/* Begin PBXSourcesBuildPhase section */
		DF8B3332269AE2B600E1A865 /* Sources */ = {
			isa = PBXSourcesBuildPhase;
			buildActionMask = 2147483647;
			files = (
				DF8B3357269AF44500E1A865 /* SideBarMenuViewController.swift in Sources */,
				DF8B333E269AE2B700E1A865 /* ViewController.swift in Sources */,
				DF8B333A269AE2B700E1A865 /* AppDelegate.swift in Sources */,
				DF8B3355269AEC3000E1A865 /* HomeViewController.swift in Sources */,
				DF8B3344269AE2B700E1A865 /* GoogleClassroomClone.xcdatamodeld in Sources */,
				DF8B333C269AE2B700E1A865 /* SceneDelegate.swift in Sources */,
			);
			runOnlyForDeploymentPostprocessing = 0;
		};
/* End PBXSourcesBuildPhase section */

/* Begin PBXVariantGroup section */
		DF8B333F269AE2B700E1A865 /* Main.storyboard */ = {
			isa = PBXVariantGroup;
			children = (
				DF8B3340269AE2B700E1A865 /* Base */,
			);
			name = Main.storyboard;
			sourceTree = "<group>";
		};
		DF8B3347269AE2B900E1A865 /* LaunchScreen.storyboard */ = {
			isa = PBXVariantGroup;
			children = (
				DF8B3348269AE2B900E1A865 /* Base */,
			);
			name = LaunchScreen.storyboard;
			sourceTree = "<group>";
		};
/* End PBXVariantGroup section */

/* Begin XCBuildConfiguration section */
		DF8B334B269AE2B900E1A865 /* Debug */ = {
			isa = XCBuildConfiguration;
			buildSettings = {
				ALWAYS_SEARCH_USER_PATHS = NO;
				CLANG_ANALYZER_NONNULL = YES;
				CLANG_ANALYZER_NUMBER_OBJECT_CONVERSION = YES_AGGRESSIVE;
				CLANG_CXX_LANGUAGE_STANDARD = "gnu++14";
				CLANG_CXX_LIBRARY = "libc++";
				CLANG_ENABLE_MODULES = YES;
				CLANG_ENABLE_OBJC_ARC = YES;
				CLANG_ENABLE_OBJC_WEAK = YES;
				CLANG_WARN_BLOCK_CAPTURE_AUTORELEASING = YES;
				CLANG_WARN_BOOL_CONVERSION = YES;
				CLANG_WARN_COMMA = YES;
				CLANG_WARN_CONSTANT_CONVERSION = YES;
				CLANG_WARN_DEPRECATED_OBJC_IMPLEMENTATIONS = YES;
				CLANG_WARN_DIRECT_OBJC_ISA_USAGE = YES_ERROR;
				CLANG_WARN_DOCUMENTATION_COMMENTS = YES;
				CLANG_WARN_EMPTY_BODY = YES;
				CLANG_WARN_ENUM_CONVERSION = YES;
				CLANG_WARN_INFINITE_RECURSION = YES;
				CLANG_WARN_INT_CONVERSION = YES;
				CLANG_WARN_NON_LITERAL_NULL_CONVERSION = YES;
				CLANG_WARN_OBJC_IMPLICIT_RETAIN_SELF = YES;
				CLANG_WARN_OBJC_LITERAL_CONVERSION = YES;
				CLANG_WARN_OBJC_ROOT_CLASS = YES_ERROR;
				CLANG_WARN_QUOTED_INCLUDE_IN_FRAMEWORK_HEADER = YES;
				CLANG_WARN_RANGE_LOOP_ANALYSIS = YES;
				CLANG_WARN_STRICT_PROTOTYPES = YES;
				CLANG_WARN_SUSPICIOUS_MOVE = YES;
				CLANG_WARN_UNGUARDED_AVAILABILITY = YES_AGGRESSIVE;
				CLANG_WARN_UNREACHABLE_CODE = YES;
				CLANG_WARN__DUPLICATE_METHOD_MATCH = YES;
				COPY_PHASE_STRIP = NO;
				DEBUG_INFORMATION_FORMAT = dwarf;
				ENABLE_STRICT_OBJC_MSGSEND = YES;
				ENABLE_TESTABILITY = YES;
				GCC_C_LANGUAGE_STANDARD = gnu11;
				GCC_DYNAMIC_NO_PIC = NO;
				GCC_NO_COMMON_BLOCKS = YES;
				GCC_OPTIMIZATION_LEVEL = 0;
				GCC_PREPROCESSOR_DEFINITIONS = (
					"DEBUG=1",
					"$(inherited)",
				);
				GCC_WARN_64_TO_32_BIT_CONVERSION = YES;
				GCC_WARN_ABOUT_RETURN_TYPE = YES_ERROR;
				GCC_WARN_UNDECLARED_SELECTOR = YES;
				GCC_WARN_UNINITIALIZED_AUTOS = YES_AGGRESSIVE;
				GCC_WARN_UNUSED_FUNCTION = YES;
				GCC_WARN_UNUSED_VARIABLE = YES;
				IPHONEOS_DEPLOYMENT_TARGET = 14.5;
				MTL_ENABLE_DEBUG_INFO = INCLUDE_SOURCE;
				MTL_FAST_MATH = YES;
				ONLY_ACTIVE_ARCH = YES;
				SDKROOT = iphoneos;
				SWIFT_ACTIVE_COMPILATION_CONDITIONS = DEBUG;
				SWIFT_OPTIMIZATION_LEVEL = "-Onone";
			};
			name = Debug;
		};
		DF8B334C269AE2B900E1A865 /* Release */ = {
			isa = XCBuildConfiguration;
			buildSettings = {
				ALWAYS_SEARCH_USER_PATHS = NO;
				CLANG_ANALYZER_NONNULL = YES;
				CLANG_ANALYZER_NUMBER_OBJECT_CONVERSION = YES_AGGRESSIVE;
				CLANG_CXX_LANGUAGE_STANDARD = "gnu++14";
				CLANG_CXX_LIBRARY = "libc++";
				CLANG_ENABLE_MODULES = YES;
				CLANG_ENABLE_OBJC_ARC = YES;
				CLANG_ENABLE_OBJC_WEAK = YES;
				CLANG_WARN_BLOCK_CAPTURE_AUTORELEASING = YES;
				CLANG_WARN_BOOL_CONVERSION = YES;
				CLANG_WARN_COMMA = YES;
				CLANG_WARN_CONSTANT_CONVERSION = YES;
				CLANG_WARN_DEPRECATED_OBJC_IMPLEMENTATIONS = YES;
				CLANG_WARN_DIRECT_OBJC_ISA_USAGE = YES_ERROR;
				CLANG_WARN_DOCUMENTATION_COMMENTS = YES;
				CLANG_WARN_EMPTY_BODY = YES;
				CLANG_WARN_ENUM_CONVERSION = YES;
				CLANG_WARN_INFINITE_RECURSION = YES;
				CLANG_WARN_INT_CONVERSION = YES;
				CLANG_WARN_NON_LITERAL_NULL_CONVERSION = YES;
				CLANG_WARN_OBJC_IMPLICIT_RETAIN_SELF = YES;
				CLANG_WARN_OBJC_LITERAL_CONVERSION = YES;
				CLANG_WARN_OBJC_ROOT_CLASS = YES_ERROR;
				CLANG_WARN_QUOTED_INCLUDE_IN_FRAMEWORK_HEADER = YES;
				CLANG_WARN_RANGE_LOOP_ANALYSIS = YES;
				CLANG_WARN_STRICT_PROTOTYPES = YES;
				CLANG_WARN_SUSPICIOUS_MOVE = YES;
				CLANG_WARN_UNGUARDED_AVAILABILITY = YES_AGGRESSIVE;
				CLANG_WARN_UNREACHABLE_CODE = YES;
				CLANG_WARN__DUPLICATE_METHOD_MATCH = YES;
				COPY_PHASE_STRIP = NO;
				DEBUG_INFORMATION_FORMAT = "dwarf-with-dsym";
				ENABLE_NS_ASSERTIONS = NO;
				ENABLE_STRICT_OBJC_MSGSEND = YES;
				GCC_C_LANGUAGE_STANDARD = gnu11;
				GCC_NO_COMMON_BLOCKS = YES;
				GCC_WARN_64_TO_32_BIT_CONVERSION = YES;
				GCC_WARN_ABOUT_RETURN_TYPE = YES_ERROR;
				GCC_WARN_UNDECLARED_SELECTOR = YES;
				GCC_WARN_UNINITIALIZED_AUTOS = YES_AGGRESSIVE;
				GCC_WARN_UNUSED_FUNCTION = YES;
				GCC_WARN_UNUSED_VARIABLE = YES;
				IPHONEOS_DEPLOYMENT_TARGET = 14.5;
				MTL_ENABLE_DEBUG_INFO = NO;
				MTL_FAST_MATH = YES;
				SDKROOT = iphoneos;
				SWIFT_COMPILATION_MODE = wholemodule;
				SWIFT_OPTIMIZATION_LEVEL = "-O";
				VALIDATE_PRODUCT = YES;
			};
			name = Release;
		};
		DF8B334E269AE2B900E1A865 /* Debug */ = {
			isa = XCBuildConfiguration;
			buildSettings = {
				ASSETCATALOG_COMPILER_APPICON_NAME = AppIcon;
				ASSETCATALOG_COMPILER_GLOBAL_ACCENT_COLOR_NAME = AccentColor;
				CODE_SIGN_STYLE = Automatic;
				INFOPLIST_FILE = GoogleClassroomClone/Info.plist;
				LD_RUNPATH_SEARCH_PATHS = (
					"$(inherited)",
					"@executable_path/Frameworks",
				);
				PRODUCT_BUNDLE_IDENTIFIER = com.Turacle.GoogleClassroomClone;
				PRODUCT_NAME = "$(TARGET_NAME)";
				SWIFT_VERSION = 5.0;
				TARGETED_DEVICE_FAMILY = "1,2";
			};
			name = Debug;
		};
		DF8B334F269AE2B900E1A865 /* Release */ = {
			isa = XCBuildConfiguration;
			buildSettings = {
				ASSETCATALOG_COMPILER_APPICON_NAME = AppIcon;
				ASSETCATALOG_COMPILER_GLOBAL_ACCENT_COLOR_NAME = AccentColor;
				CODE_SIGN_STYLE = Automatic;
				INFOPLIST_FILE = GoogleClassroomClone/Info.plist;
				LD_RUNPATH_SEARCH_PATHS = (
					"$(inherited)",
					"@executable_path/Frameworks",
				);
				PRODUCT_BUNDLE_IDENTIFIER = com.Turacle.GoogleClassroomClone;
				PRODUCT_NAME = "$(TARGET_NAME)";
				SWIFT_VERSION = 5.0;
				TARGETED_DEVICE_FAMILY = "1,2";
			};
			name = Release;
		};
/* End XCBuildConfiguration section */

/* Begin XCConfigurationList section */
		DF8B3331269AE2B600E1A865 /* Build configuration list for PBXProject "GoogleClassroomClone" */ = {
			isa = XCConfigurationList;
			buildConfigurations = (
				DF8B334B269AE2B900E1A865 /* Debug */,
				DF8B334C269AE2B900E1A865 /* Release */,
			);
			defaultConfigurationIsVisible = 0;
			defaultConfigurationName = Release;
		};
		DF8B334D269AE2B900E1A865 /* Build configuration list for PBXNativeTarget "GoogleClassroomClone" */ = {
			isa = XCConfigurationList;
			buildConfigurations = (
				DF8B334E269AE2B900E1A865 /* Debug */,
				DF8B334F269AE2B900E1A865 /* Release */,
			);
			defaultConfigurationIsVisible = 0;
			defaultConfigurationName = Release;
		};
/* End XCConfigurationList section */

/* Begin XCVersionGroup section */
		DF8B3342269AE2B700E1A865 /* GoogleClassroomClone.xcdatamodeld */ = {
			isa = XCVersionGroup;
			children = (
				DF8B3343269AE2B700E1A865 /* GoogleClassroomClone.xcdatamodel */,
			);
			currentVersion = DF8B3343269AE2B700E1A865 /* GoogleClassroomClone.xcdatamodel */;
			path = GoogleClassroomClone.xcdatamodeld;
			sourceTree = "<group>";
			versionGroupType = wrapper.xcdatamodel;
		};
/* End XCVersionGroup section */
	};
	rootObject = DF8B332E269AE2B600E1A865 /* Project object */;
}
